
Microsoft Visual Studio Solution File, Format Version 11.00
# Visual Studio 2010
# SharpDevelop 4.4
Project("{FD48973F-F585-4F70-812B-4D0503B36CE9}") = "FTree", "FTree.pyproj", "{19312A5A-1ADE-4103-AFF2-77559CC005D1}"
EndProject
Global
	GlobalSection(SolutionConfigurationPlatforms) = preSolution
		Debug|Any CPU = Debug|Any CPU
		Release|Any CPU = Release|Any CPU
	EndGlobalSection
	GlobalSection(ProjectConfigurationPlatforms) = postSolution
		{19312A5A-1ADE-4103-AFF2-77559CC005D1}.Debug|Any CPU.Build.0 = Debug|Any CPU
		{19312A5A-1ADE-4103-AFF2-77559CC005D1}.Debug|Any CPU.ActiveCfg = Debug|Any CPU
		{19312A5A-1ADE-4103-AFF2-77559CC005D1}.Release|Any CPU.Build.0 = Release|Any CPU
		{19312A5A-1ADE-4103-AFF2-77559CC005D1}.Release|Any CPU.ActiveCfg = Release|Any CPU
	EndGlobalSection
EndGlobal
